
Microsoft Visual Studio Solution File, Format Version 12.00
# Visual Studio Version 17
VisualStudioVersion = 17.9.34728.123
MinimumVisualStudioVersion = 10.0.40219.1
Project("{FAE04EC0-301F-11D3-BF4B-00C04F79EFBC}") = "MiaLukashykCourseWork", "MiaLukashykCourseWork\MiaLukashykCourseWork.csproj", "{DB922C39-14CF-4AC4-8A87-BEBF57D30394}"
EndProject
Global
	GlobalSection(SolutionConfigurationPlatforms) = preSolution
		Debug|Any CPU = Debug|Any CPU
		Release|Any CPU = Release|Any CPU
	EndGlobalSection
	GlobalSection(ProjectConfigurationPlatforms) = postSolution
		{DB922C39-14CF-4AC4-8A87-BEBF57D30394}.Debug|Any CPU.ActiveCfg = Debug|Any CPU
		{DB922C39-14CF-4AC4-8A87-BEBF57D30394}.Debug|Any CPU.Build.0 = Debug|Any CPU
		{DB922C39-14CF-4AC4-8A87-BEBF57D30394}.Release|Any CPU.ActiveCfg = Release|Any CPU
		{DB922C39-14CF-4AC4-8A87-BEBF57D30394}.Release|Any CPU.Build.0 = Release|Any CPU
	EndGlobalSection
	GlobalSection(SolutionProperties) = preSolution
		HideSolutionNode = FALSE
	EndGlobalSection
	GlobalSection(ExtensibilityGlobals) = postSolution
		SolutionGuid = {217D933A-3BA1-4B19-9B3B-3AFFAD86441C}
	EndGlobalSection
EndGlobal
